
Microsoft Visual Studio Solution File, Format Version 11.00
# Visual Studio 2010
Project("{FAE04EC0-301F-11D3-BF4B-00C04F79EFBC}") = "Assembly-CSharp", "Assembly-CSharp.csproj", "{CD5B563D-4FD3-AE3D-0A22-C9B94A1944AD}"
EndProject
Project("{FAE04EC0-301F-11D3-BF4B-00C04F79EFBC}") = "Assembly-CSharp-Editor", "Assembly-CSharp-Editor.csproj", "{0CCEEEF8-E8AE-DBD4-C191-07533A36FDA3}"
EndProject
Global
	GlobalSection(SolutionConfigurationPlatforms) = preSolution
		Debug|Any CPU = Debug|Any CPU
		Release|Any CPU = Release|Any CPU
	EndGlobalSection
	GlobalSection(ProjectConfigurationPlatforms) = postSolution
		{CD5B563D-4FD3-AE3D-0A22-C9B94A1944AD}.Debug|Any CPU.ActiveCfg = Debug|Any CPU
		{CD5B563D-4FD3-AE3D-0A22-C9B94A1944AD}.Debug|Any CPU.Build.0 = Debug|Any CPU
		{CD5B563D-4FD3-AE3D-0A22-C9B94A1944AD}.Release|Any CPU.ActiveCfg = Release|Any CPU
		{CD5B563D-4FD3-AE3D-0A22-C9B94A1944AD}.Release|Any CPU.Build.0 = Release|Any CPU
		{0CCEEEF8-E8AE-DBD4-C191-07533A36FDA3}.Debug|Any CPU.ActiveCfg = Debug|Any CPU
		{0CCEEEF8-E8AE-DBD4-C191-07533A36FDA3}.Debug|Any CPU.Build.0 = Debug|Any CPU
		{0CCEEEF8-E8AE-DBD4-C191-07533A36FDA3}.Release|Any CPU.ActiveCfg = Release|Any CPU
		{0CCEEEF8-E8AE-DBD4-C191-07533A36FDA3}.Release|Any CPU.Build.0 = Release|Any CPU
	EndGlobalSection
	GlobalSection(SolutionProperties) = preSolution
		HideSolutionNode = FALSE
	EndGlobalSection
EndGlobal
