
Microsoft Visual Studio Solution File, Format Version 11.00
# Visual Studio 2010
Project("{FAE04EC0-301F-11D3-BF4B-00C04F79EFBC}") = "Assembly-CSharp", "Assembly-CSharp.csproj", "{dfaf09b3-a01e-f8a3-448d-7669af680839}"
EndProject
Project("{FAE04EC0-301F-11D3-BF4B-00C04F79EFBC}") = "Assembly-CSharp-Editor", "Assembly-CSharp-Editor.csproj", "{2a8aaa92-8749-7334-43ca-9b194e76b93f}"
EndProject
Global
	GlobalSection(SolutionConfigurationPlatforms) = preSolution
		Debug|Any CPU = Debug|Any CPU
	EndGlobalSection
	GlobalSection(ProjectConfigurationPlatforms) = postSolution
		{dfaf09b3-a01e-f8a3-448d-7669af680839}.Debug|Any CPU.ActiveCfg = Debug|Any CPU
		{dfaf09b3-a01e-f8a3-448d-7669af680839}.Debug|Any CPU.Build.0 = Debug|Any CPU
		{2a8aaa92-8749-7334-43ca-9b194e76b93f}.Debug|Any CPU.ActiveCfg = Debug|Any CPU
		{2a8aaa92-8749-7334-43ca-9b194e76b93f}.Debug|Any CPU.Build.0 = Debug|Any CPU
	EndGlobalSection
	GlobalSection(SolutionProperties) = preSolution
		HideSolutionNode = FALSE
	EndGlobalSection
EndGlobal
